<?xml version="1.0" encoding="utf-8"?>
<Project ToolsVersion="4.0" xmlns="http://schemas.microsoft.com/developer/msbuild/2003">
  <ItemGroup>
    <Filter Include="win32">
      <UniqueIdentifier>{84a8ebd7-7cf0-47f6-b75e-d441df67da40}</UniqueIdentifier>
    </Filter>
    <Filter Include="resource">
      <UniqueIdentifier>{715254bc-d70b-4ec5-bf29-467dd3ace079}</UniqueIdentifier>
    </Filter>
    <Filter Include="src">
      <UniqueIdentifier>{bb6c862e-70e9-49d9-81b7-3829a6f50471}</UniqueIdentifier>
    </Filter>
    <Filter Include="src\Extensions">
      <UniqueIdentifier>{3c7787d0-7f75-437b-981b-421eccf3eeb8}</UniqueIdentifier>
    </Filter>
    <Filter Include="src\frontend">
      <UniqueIdentifier>{1cff67c0-de33-4d35-ab31-e024405be472}</UniqueIdentifier>
    </Filter>
    <Filter Include="src\landscaping">
      <UniqueIdentifier>{6b52cc42-7332-469a-9d08-f89d4f8cbdc7}</UniqueIdentifier>
    </Filter>
    <Filter Include="src\library">
      <UniqueIdentifier>{fa41a5f1-0b85-4f09-96f4-4526de7a1626}</UniqueIdentifier>
    </Filter>
    <Filter Include="src\panels">
      <UniqueIdentifier>{6918062b-e271-4034-af5f-386cd5c43919}</UniqueIdentifier>
    </Filter>
    <Filter Include="src\system">
      <UniqueIdentifier>{93d03f12-8ac5-4c11-80d5-8e280b978790}</UniqueIdentifier>
    </Filter>
    <Filter Include="src\tinyxml">
      <UniqueIdentifier>{2141a50a-d811-41bd-81d4-1843679639bf}</UniqueIdentifier>
    </Filter>
    <Filter Include="src\tme">
      <UniqueIdentifier>{1ca5df21-24f9-4a9f-bbb9-e830127bea7f}</UniqueIdentifier>
    </Filter>
    <Filter Include="src\ui">
      <UniqueIdentifier>{e13ea28b-95d5-405d-a8f7-68f57ebef78a}</UniqueIdentifier>
    </Filter>
    <Filter Include="src\bootstrap">
      <UniqueIdentifier>{fe9f0c0b-8c9e-4588-9b70-cacf922928a0}</UniqueIdentifier>
    </Filter>
    <Filter Include="src\ui\characters">
      <UniqueIdentifier>{b3f57e04-19c0-48d2-a69f-34a875f94ef2}</UniqueIdentifier>
    </Filter>
    <Filter Include="src\tme\base">
      <UniqueIdentifier>{730555ec-8c02-46bf-b182-b4b660a9de87}</UniqueIdentifier>
    </Filter>
    <Filter Include="src\tme\baseinc">
      <UniqueIdentifier>{6d77ac68-53e8-45e0-8aaa-76f4aaf56a4f}</UniqueIdentifier>
    </Filter>
    <Filter Include="src\tme\scenario">
      <UniqueIdentifier>{1e070336-7a34-46b0-83c8-92fddc70a151}</UniqueIdentifier>
    </Filter>
    <Filter Include="src\tme\scenarios">
      <UniqueIdentifier>{04beda07-d213-426b-9af0-1ed78e6df50f}</UniqueIdentifier>
    </Filter>
    <Filter Include="src\tme\scenarios\citadel">
      <UniqueIdentifier>{ab695006-eae0-40be-a2e2-5db8b0cb703f}</UniqueIdentifier>
    </Filter>
    <Filter Include="src\tme\scenarios\ddr">
      <UniqueIdentifier>{40411c40-aade-485f-b42b-079cdde491c0}</UniqueIdentifier>
    </Filter>
    <Filter Include="src\tme\scenarios\default">
      <UniqueIdentifier>{7402083d-498e-47e4-b959-d64610aa9999}</UniqueIdentifier>
    </Filter>
    <Filter Include="src\tme\scenarios\lom">
      <UniqueIdentifier>{fcc70faa-5079-481c-8a47-7ac8d3f9f40b}</UniqueIdentifier>
    </Filter>
    <Filter Include="src\library\lib">
      <UniqueIdentifier>{480ffffa-0f7a-498a-881c-de41bdbb8653}</UniqueIdentifier>
    </Filter>
    <Filter Include="src\library\lib\misc">
      <UniqueIdentifier>{72a86173-94aa-4707-a613-20f0a82ec1f0}</UniqueIdentifier>
    </Filter>
    <Filter Include="src\library\lib\os">
      <UniqueIdentifier>{8b67ed16-74b3-4a5e-a75d-7a1e7418f41a}</UniqueIdentifier>
    </Filter>
    <Filter Include="src\library\lib\sw">
      <UniqueIdentifier>{a8257fc3-17a2-4c8d-a7c2-d5c8e03608e3}</UniqueIdentifier>
    </Filter>
    <Filter Include="src\library\libinc">
      <UniqueIdentifier>{e7f0e650-a7d7-4a78-ae33-e2c4daf4882e}</UniqueIdentifier>
    </Filter>
    <Filter Include="src\library\libinc\misc">
      <UniqueIdentifier>{b8a153cd-aa7a-441e-b13f-5caf0e7745fb}</UniqueIdentifier>
    </Filter>
    <Filter Include="src\library\libinc\os">
      <UniqueIdentifier>{7ca50eac-8382-4c15-9ac6-0c6e7d080195}</UniqueIdentifier>
    </Filter>
    <Filter Include="src\library\libinc\sw">
      <UniqueIdentifier>{cca09a7f-8b51-4da5-bd6a-9126a1a13d29}</UniqueIdentifier>
    </Filter>
  </ItemGroup>
  <ItemGroup>
    <ClCompile Include="main.cpp">
      <Filter>win32</Filter>
    </ClCompile>
    <ClCompile Include="..\Classes\AppDelegate.cpp">
      <Filter>src</Filter>
    </ClCompile>
    <ClCompile Include="..\Classes\AppDelegate.cpp">
      <Filter>src\bootstrap</Filter>
    </ClCompile>
    <ClCompile Include="..\Classes\tme.cpp">
      <Filter>src\bootstrap</Filter>
    </ClCompile>
    <ClCompile Include="..\Classes\TMEMapBuilder.cpp">
      <Filter>src\bootstrap</Filter>
    </ClCompile>
    <ClCompile Include="..\Classes\ui\MyButton.cpp">
      <Filter>src\ui</Filter>
    </ClCompile>
    <ClCompile Include="..\Classes\ui\uibook.cpp">
      <Filter>src\ui</Filter>
    </ClCompile>
    <ClCompile Include="..\Classes\ui\uibookmenu.cpp">
      <Filter>src\ui</Filter>
    </ClCompile>
    <ClCompile Include="..\Classes\ui\uicommandwindow.cpp">
      <Filter>src\ui</Filter>
    </ClCompile>
    <ClCompile Include="..\Classes\ui\uielement.cpp">
      <Filter>src\ui</Filter>
    </ClCompile>
    <ClCompile Include="..\Classes\ui\uieventargs.cpp">
      <Filter>src\ui</Filter>
    </ClCompile>
    <ClCompile Include="..\Classes\ui\uifilterbutton.cpp">
      <Filter>src\ui</Filter>
    </ClCompile>
    <ClCompile Include="..\Classes\ui\uihelper.cpp">
      <Filter>src\ui</Filter>
    </ClCompile>
    <ClCompile Include="..\Classes\ui\uihelpwindow.cpp">
      <Filter>src\ui</Filter>
    </ClCompile>
    <ClCompile Include="..\Classes\ui\uioptionitem.cpp">
      <Filter>src\ui</Filter>
    </ClCompile>
    <ClCompile Include="..\Classes\ui\uipanel.cpp">
      <Filter>src\ui</Filter>
    </ClCompile>
    <ClCompile Include="..\Classes\ui\uipopup.cpp">
      <Filter>src\ui</Filter>
    </ClCompile>
    <ClCompile Include="..\Classes\ui\uitextmenu.cpp">
      <Filter>src\ui</Filter>
    </ClCompile>
    <ClCompile Include="..\Classes\ui\uithinkpage.cpp">
      <Filter>src\ui</Filter>
    </ClCompile>
    <ClCompile Include="..\Classes\ui\characters\uigrouplord.cpp">
      <Filter>src\ui\characters</Filter>
    </ClCompile>
    <ClCompile Include="..\Classes\ui\characters\uilordselect.cpp">
      <Filter>src\ui\characters</Filter>
    </ClCompile>
    <ClCompile Include="..\Classes\ui\characters\uiselectpanel.cpp">
      <Filter>src\ui\characters</Filter>
    </ClCompile>
    <ClCompile Include="..\Classes\ui\characters\uisinglelord.cpp">
      <Filter>src\ui\characters</Filter>
    </ClCompile>
    <ClCompile Include="..\Classes\tme\base\collections.cpp">
      <Filter>src\tme\base</Filter>
    </ClCompile>
    <ClCompile Include="..\Classes\tme\base\mxengine.cpp">
      <Filter>src\tme\base</Filter>
    </ClCompile>
    <ClCompile Include="..\Classes\tme\base\mxentity.cpp">
      <Filter>src\tme\base</Filter>
    </ClCompile>
    <ClCompile Include="..\Classes\tme\base\mxfragment.cpp">
      <Filter>src\tme\base</Filter>
    </ClCompile>
    <ClCompile Include="..\Classes\tme\base\mxgridref.cpp">
      <Filter>src\tme\base</Filter>
    </ClCompile>
    <ClCompile Include="..\Classes\tme\base\mxinfo.cpp">
      <Filter>src\tme\base</Filter>
    </ClCompile>
    <ClCompile Include="..\Classes\tme\base\mxinterface.cpp">
      <Filter>src\tme\base</Filter>
    </ClCompile>
    <ClCompile Include="..\Classes\tme\base\mxitem.cpp">
      <Filter>src\tme\base</Filter>
    </ClCompile>
    <ClCompile Include="..\Classes\tme\base\mxlocinfo.cpp">
      <Filter>src\tme\base</Filter>
    </ClCompile>
    <ClCompile Include="..\Classes\tme\base\mxmemory.cpp">
      <Filter>src\tme\base</Filter>
    </ClCompile>
    <ClCompile Include="..\Classes\tme\base\variables.cpp">
      <Filter>src\tme\base</Filter>
    </ClCompile>
    <ClCompile Include="..\Classes\tme\scenario\units.cpp">
      <Filter>src\tme\scenario</Filter>
    </ClCompile>
    <ClCompile Include="..\Classes\tme\scenario\army.cpp">
      <Filter>src\tme\scenario</Filter>
    </ClCompile>
    <ClCompile Include="..\Classes\tme\scenario\discoverymap.cpp">
      <Filter>src\tme\scenario</Filter>
    </ClCompile>
    <ClCompile Include="..\Classes\tme\scenario\info_area.cpp">
      <Filter>src\tme\scenario</Filter>
    </ClCompile>
    <ClCompile Include="..\Classes\tme\scenario\info_command.cpp">
      <Filter>src\tme\scenario</Filter>
    </ClCompile>
    <ClCompile Include="..\Classes\tme\scenario\info_direction.cpp">
      <Filter>src\tme\scenario</Filter>
    </ClCompile>
    <ClCompile Include="..\Classes\tme\scenario\info_gender.cpp">
      <Filter>src\tme\scenario</Filter>
    </ClCompile>
    <ClCompile Include="..\Classes\tme\scenario\info_object.cpp">
      <Filter>src\tme\scenario</Filter>
    </ClCompile>
    <ClCompile Include="..\Classes\tme\scenario\info_object_power.cpp">
      <Filter>src\tme\scenario</Filter>
    </ClCompile>
    <ClCompile Include="..\Classes\tme\scenario\info_object_type.cpp">
      <Filter>src\tme\scenario</Filter>
    </ClCompile>
    <ClCompile Include="..\Classes\tme\scenario\info_race.cpp">
      <Filter>src\tme\scenario</Filter>
    </ClCompile>
    <ClCompile Include="..\Classes\tme\scenario\info_terrain.cpp">
      <Filter>src\tme\scenario</Filter>
    </ClCompile>
    <ClCompile Include="..\Classes\tme\scenario\info_unit.cpp">
      <Filter>src\tme\scenario</Filter>
    </ClCompile>
    <ClCompile Include="..\Classes\tme\scenario\item_character.cpp">
      <Filter>src\tme\scenario</Filter>
    </ClCompile>
    <ClCompile Include="..\Classes\tme\scenario\item_place.cpp">
      <Filter>src\tme\scenario</Filter>
    </ClCompile>
    <ClCompile Include="..\Classes\tme\scenario\item_regiment.cpp">
      <Filter>src\tme\scenario</Filter>
    </ClCompile>
    <ClCompile Include="..\Classes\tme\scenario\item_routenode.cpp">
      <Filter>src\tme\scenario</Filter>
    </ClCompile>
    <ClCompile Include="..\Classes\tme\scenario\item_stronghold.cpp">
      <Filter>src\tme\scenario</Filter>
    </ClCompile>
    <ClCompile Include="..\Classes\tme\scenario\item_victories.cpp">
      <Filter>src\tme\scenario</Filter>
    </ClCompile>
    <ClCompile Include="..\Classes\tme\scenario\map.cpp">
      <Filter>src\tme\scenario</Filter>
    </ClCompile>
    <ClCompile Include="..\Classes\tme\scenario\processor_battle.cpp">
      <Filter>src\tme\scenario</Filter>
    </ClCompile>
    <ClCompile Include="..\Classes\tme\scenario\processor_night.cpp">
      <Filter>src\tme\scenario</Filter>
    </ClCompile>
    <ClCompile Include="..\Classes\tme\scenario\processor_text.cpp">
      <Filter>src\tme\scenario</Filter>
    </ClCompile>
    <ClCompile Include="..\Classes\tme\scenarios\citadel\citadel_scenario.cpp">
      <Filter>src\tme\scenarios\citadel</Filter>
    </ClCompile>
    <ClCompile Include="..\Classes\tme\scenarios\ddr\ddr_character.cpp">
      <Filter>src\tme\scenarios\ddr</Filter>
    </ClCompile>
    <ClCompile Include="..\Classes\tme\scenarios\ddr\ddr_processor_battle.cpp">
      <Filter>src\tme\scenarios\ddr</Filter>
    </ClCompile>
    <ClCompile Include="..\Classes\tme\scenarios\ddr\ddr_processor_night.cpp">
      <Filter>src\tme\scenarios\ddr</Filter>
    </ClCompile>
    <ClCompile Include="..\Classes\tme\scenarios\ddr\ddr_processor_text.cpp">
      <Filter>src\tme\scenarios\ddr</Filter>
    </ClCompile>
    <ClCompile Include="..\Classes\tme\scenarios\ddr\ddr_scenario.cpp">
      <Filter>src\tme\scenarios\ddr</Filter>
    </ClCompile>
    <ClCompile Include="..\Classes\tme\scenarios\default\default_scenario.cpp">
      <Filter>src\tme\scenarios\default</Filter>
    </ClCompile>
    <ClCompile Include="..\Classes\tme\scenarios\lom\lom_scenario.cpp">
      <Filter>src\tme\scenarios\lom</Filter>
    </ClCompile>
    <ClCompile Include="..\Classes\tme\scenarios\lom\lom_stronghold.cpp">
      <Filter>src\tme\scenarios\lom</Filter>
    </ClCompile>
    <ClCompile Include="..\Classes\tinyxml\tinystr.cpp">
      <Filter>src\tinyxml</Filter>
    </ClCompile>
    <ClCompile Include="..\Classes\tinyxml\tinyxml.cpp">
      <Filter>src\tinyxml</Filter>
    </ClCompile>
    <ClCompile Include="..\Classes\tinyxml\tinyxmlerror.cpp">
      <Filter>src\tinyxml</Filter>
    </ClCompile>
    <ClCompile Include="..\Classes\tinyxml\tinyxmlparser.cpp">
      <Filter>src\tinyxml</Filter>
    </ClCompile>
    <ClCompile Include="..\Classes\system\configmanager.cpp">
      <Filter>src\system</Filter>
    </ClCompile>
    <ClCompile Include="..\Classes\system\help_ddr.cpp">
      <Filter>src\system</Filter>
    </ClCompile>
    <ClCompile Include="..\Classes\system\help_lom.cpp">
      <Filter>src\system</Filter>
    </ClCompile>
    <ClCompile Include="..\Classes\system\helpmanager.cpp">
      <Filter>src\system</Filter>
    </ClCompile>
    <ClCompile Include="..\Classes\system\keyboardmanager.cpp">
      <Filter>src\system</Filter>
    </ClCompile>
    <ClCompile Include="..\Classes\system\moonring.cpp">
      <Filter>src\system</Filter>
    </ClCompile>
    <ClCompile Include="..\Classes\system\panelmanager.cpp">
      <Filter>src\system</Filter>
    </ClCompile>
    <ClCompile Include="..\Classes\system\progressmonitor.cpp">
      <Filter>src\system</Filter>
    </ClCompile>
    <ClCompile Include="..\Classes\system\projectconfig.cpp">
      <Filter>src\system</Filter>
    </ClCompile>
    <ClCompile Include="..\Classes\system\resolutionmanager.cpp">
      <Filter>src\system</Filter>
    </ClCompile>
    <ClCompile Include="..\Classes\system\ringcontroller.cpp">
      <Filter>src\system</Filter>
    </ClCompile>
    <ClCompile Include="..\Classes\system\storymanager.cpp">
      <Filter>src\system</Filter>
    </ClCompile>
    <ClCompile Include="..\Classes\system\tmemanager.cpp">
      <Filter>src\system</Filter>
    </ClCompile>
    <ClCompile Include="..\Classes\panels\panel_advert.cpp">
      <Filter>src\panels</Filter>
    </ClCompile>
    <ClCompile Include="..\Classes\panels\panel_credits.cpp">
      <Filter>src\panels</Filter>
    </ClCompile>
    <ClCompile Include="..\Classes\panels\panel_dedication.cpp">
      <Filter>src\panels</Filter>
    </ClCompile>
    <ClCompile Include="..\Classes\panels\panel_gameover.cpp">
      <Filter>src\panels</Filter>
    </ClCompile>
    <ClCompile Include="..\Classes\panels\panel_look.cpp">
      <Filter>src\panels</Filter>
    </ClCompile>
    <ClCompile Include="..\Classes\panels\panel_mainmenu.cpp">
      <Filter>src\panels</Filter>
    </ClCompile>
    <ClCompile Include="..\Classes\panels\panel_map_detailed.cpp">
      <Filter>src\panels</Filter>
    </ClCompile>
    <ClCompile Include="..\Classes\panels\panel_map_overview.cpp">
      <Filter>src\panels</Filter>
    </ClCompile>
    <ClCompile Include="..\Classes\panels\panel_night.cpp">
      <Filter>src\panels</Filter>
    </ClCompile>
    <ClCompile Include="..\Classes\panels\panel_options.cpp">
      <Filter>src\panels</Filter>
    </ClCompile>
    <ClCompile Include="..\Classes\panels\panel_select.cpp">
      <Filter>src\panels</Filter>
    </ClCompile>
    <ClCompile Include="..\Classes\panels\panel_splashscreen.cpp">
      <Filter>src\panels</Filter>
    </ClCompile>
    <ClCompile Include="..\Classes\panels\panel_think.cpp">
      <Filter>src\panels</Filter>
    </ClCompile>
    <ClCompile Include="..\Classes\library\lib\misc\xml.cpp">
      <Filter>src\library\lib\misc</Filter>
    </ClCompile>
    <ClCompile Include="..\Classes\library\lib\os\cfile_common.cpp">
      <Filter>src\library\lib\os</Filter>
    </ClCompile>
    <ClCompile Include="..\Classes\library\lib\os\cfile_windows.cpp">
      <Filter>src\library\lib\os</Filter>
    </ClCompile>
    <ClCompile Include="..\Classes\library\lib\os\cfileList.cpp">
      <Filter>src\library\lib\os</Filter>
    </ClCompile>
    <ClCompile Include="..\Classes\library\lib\os\cfilemanager.cpp">
      <Filter>src\library\lib\os</Filter>
    </ClCompile>
    <ClCompile Include="..\Classes\library\lib\sw\c_str.cpp">
      <Filter>src\library\lib\sw</Filter>
    </ClCompile>
    <ClCompile Include="..\Classes\library\lib\sw\carchive.cpp">
      <Filter>src\library\lib\sw</Filter>
    </ClCompile>
    <ClCompile Include="..\Classes\library\lib\sw\cbitarray.cpp">
      <Filter>src\library\lib\sw</Filter>
    </ClCompile>
    <ClCompile Include="..\Classes\library\lib\sw\cflags.cpp">
      <Filter>src\library\lib\sw</Filter>
    </ClCompile>
    <ClCompile Include="..\Classes\library\lib\sw\crange.cpp">
      <Filter>src\library\lib\sw</Filter>
    </ClCompile>
    <ClCompile Include="..\Classes\library\lib\sw\datatypes.cpp">
      <Filter>src\library\lib\sw</Filter>
    </ClCompile>
    <ClCompile Include="..\Classes\library\lib\sw\misc.cpp">
      <Filter>src\library\lib\sw</Filter>
    </ClCompile>
    <ClCompile Include="..\Classes\library\lib\sw\random.cpp">
      <Filter>src\library\lib\sw</Filter>
    </ClCompile>
    <ClCompile Include="..\Classes\landscaping\ILandscape.cpp">
      <Filter>src\landscaping</Filter>
    </ClCompile>
    <ClCompile Include="..\Classes\landscaping\LandscapeColour.cpp">
      <Filter>src\landscaping</Filter>
    </ClCompile>
    <ClCompile Include="..\Classes\landscaping\LandscapeDebug.cpp">
      <Filter>src\landscaping</Filter>
    </ClCompile>
    <ClCompile Include="..\Classes\landscaping\LandscapeGenerator.cpp">
      <Filter>src\landscaping</Filter>
    </ClCompile>
    <ClCompile Include="..\Classes\landscaping\LandscapeLand.cpp">
      <Filter>src\landscaping</Filter>
    </ClCompile>
    <ClCompile Include="..\Classes\landscaping\LandscapeNode.cpp">
      <Filter>src\landscaping</Filter>
    </ClCompile>
    <ClCompile Include="..\Classes\landscaping\LandscapePeople.cpp">
      <Filter>src\landscaping</Filter>
    </ClCompile>
    <ClCompile Include="..\Classes\landscaping\LandscapeSky.cpp">
      <Filter>src\landscaping</Filter>
    </ClCompile>
    <ClCompile Include="..\Classes\landscaping\LandscapeTerrain.cpp">
      <Filter>src\landscaping</Filter>
    </ClCompile>
    <ClCompile Include="..\Classes\landscaping\LandscapeView.cpp">
      <Filter>src\landscaping</Filter>
    </ClCompile>
  </ItemGroup>
  <ItemGroup>
    <ClInclude Include="main.h">
      <Filter>win32</Filter>
    </ClInclude>
    <ClInclude Include="..\Classes\AppDelegate.h">
      <Filter>src\bootstrap</Filter>
    </ClInclude>
    <ClInclude Include="..\Classes\tme_interface.h">
      <Filter>src\bootstrap</Filter>
    </ClInclude>
    <ClInclude Include="..\Classes\TMEMapBuilder.h">
      <Filter>src\bootstrap</Filter>
    </ClInclude>
    <ClInclude Include="..\Classes\ui\MyButton.h">
      <Filter>src\ui</Filter>
    </ClInclude>
    <ClInclude Include="..\Classes\ui\uibook.h">
      <Filter>src\ui</Filter>
    </ClInclude>
    <ClInclude Include="..\Classes\ui\uibookmenu.h">
      <Filter>src\ui</Filter>
    </ClInclude>
    <ClInclude Include="..\Classes\ui\uicommandwindow.h">
      <Filter>src\ui</Filter>
    </ClInclude>
    <ClInclude Include="..\Classes\ui\uielement.h">
      <Filter>src\ui</Filter>
    </ClInclude>
    <ClInclude Include="..\Classes\ui\uieventargs.h">
      <Filter>src\ui</Filter>
    </ClInclude>
    <ClInclude Include="..\Classes\ui\uifilterbutton.h">
      <Filter>src\ui</Filter>
    </ClInclude>
    <ClInclude Include="..\Classes\ui\uihelper.h">
      <Filter>src\ui</Filter>
    </ClInclude>
    <ClInclude Include="..\Classes\ui\uihelpwindow.h">
      <Filter>src\ui</Filter>
    </ClInclude>
    <ClInclude Include="..\Classes\ui\uioptionitem.h">
      <Filter>src\ui</Filter>
    </ClInclude>
    <ClInclude Include="..\Classes\ui\uipanel.h">
      <Filter>src\ui</Filter>
    </ClInclude>
    <ClInclude Include="..\Classes\ui\uipopup.h">
      <Filter>src\ui</Filter>
    </ClInclude>
    <ClInclude Include="..\Classes\ui\uitextmenu.h">
      <Filter>src\ui</Filter>
    </ClInclude>
    <ClInclude Include="..\Classes\ui\uitextmenuitem.h">
      <Filter>src\ui</Filter>
    </ClInclude>
    <ClInclude Include="..\Classes\ui\uithinkpage.h">
      <Filter>src\ui</Filter>
    </ClInclude>
    <ClInclude Include="..\Classes\ui\characters\uigrouplord.h">
      <Filter>src\ui\characters</Filter>
    </ClInclude>
    <ClInclude Include="..\Classes\ui\characters\uilordselect.h">
      <Filter>src\ui\characters</Filter>
    </ClInclude>
    <ClInclude Include="..\Classes\ui\characters\uiselectpanel.h">
      <Filter>src\ui\characters</Filter>
    </ClInclude>
    <ClInclude Include="..\Classes\ui\characters\uisinglelord.h">
      <Filter>src\ui\characters</Filter>
    </ClInclude>
    <ClInclude Include="..\Classes\tme\tme.h">
      <Filter>src\tme</Filter>
    </ClInclude>
    <ClInclude Include="..\Classes\tme\baseinc\info.h">
      <Filter>src\tme\baseinc</Filter>
    </ClInclude>
    <ClInclude Include="..\Classes\tme\baseinc\lomxtypes.h">
      <Filter>src\tme\baseinc</Filter>
    </ClInclude>
    <ClInclude Include="..\Classes\tme\baseinc\midnight.h">
      <Filter>src\tme\baseinc</Filter>
    </ClInclude>
    <ClInclude Include="..\Classes\tme\baseinc\mxengine.h">
      <Filter>src\tme\baseinc</Filter>
    </ClInclude>
    <ClInclude Include="..\Classes\tme\baseinc\mxinterface.h">
      <Filter>src\tme\baseinc</Filter>
    </ClInclude>
    <ClInclude Include="..\Classes\tme\baseinc\processor_battle.h">
      <Filter>src\tme\baseinc</Filter>
    </ClInclude>
    <ClInclude Include="..\Classes\tme\baseinc\processor_night.h">
      <Filter>src\tme\baseinc</Filter>
    </ClInclude>
    <ClInclude Include="..\Classes\tme\baseinc\processor_text.h">
      <Filter>src\tme\baseinc</Filter>
    </ClInclude>
    <ClInclude Include="..\Classes\tme\baseinc\scenario.h">
      <Filter>src\tme\baseinc</Filter>
    </ClInclude>
    <ClInclude Include="..\Classes\tme\baseinc\tme_internal.h">
      <Filter>src\tme\baseinc</Filter>
    </ClInclude>
    <ClInclude Include="..\Classes\tme\baseinc\variables.h">
      <Filter>src\tme\baseinc</Filter>
    </ClInclude>
    <ClInclude Include="..\Classes\tme\scenarios\citadel\scenario_citadel.h">
      <Filter>src\tme\scenarios\citadel</Filter>
    </ClInclude>
    <ClInclude Include="..\Classes\tme\scenarios\citadel\scenario_citadel_internal.h">
      <Filter>src\tme\scenarios\citadel</Filter>
    </ClInclude>
    <ClInclude Include="..\Classes\tme\scenarios\ddr\ddr_processor_battle.h">
      <Filter>src\tme\scenarios\ddr</Filter>
    </ClInclude>
    <ClInclude Include="..\Classes\tme\scenarios\ddr\ddr_processor_night.h">
      <Filter>src\tme\scenarios\ddr</Filter>
    </ClInclude>
    <ClInclude Include="..\Classes\tme\scenarios\ddr\ddr_processor_text.h">
      <Filter>src\tme\scenarios\ddr</Filter>
    </ClInclude>
    <ClInclude Include="..\Classes\tme\scenarios\ddr\scenario_ddr.h">
      <Filter>src\tme\scenarios\ddr</Filter>
    </ClInclude>
    <ClInclude Include="..\Classes\tme\scenarios\ddr\scenario_ddr_internal.h">
      <Filter>src\tme\scenarios\ddr</Filter>
    </ClInclude>
    <ClInclude Include="..\Classes\tme\scenarios\default\default_scenario.h">
      <Filter>src\tme\scenarios\default</Filter>
    </ClInclude>
    <ClInclude Include="..\Classes\tme\scenarios\default\default_scenario_internal.h">
      <Filter>src\tme\scenarios\default</Filter>
    </ClInclude>
    <ClInclude Include="..\Classes\tme\scenarios\lom\scenario_lom.h">
      <Filter>src\tme\scenarios\lom</Filter>
    </ClInclude>
    <ClInclude Include="..\Classes\tme\scenarios\lom\scenario_lom_internal.h">
      <Filter>src\tme\scenarios\lom</Filter>
    </ClInclude>
    <ClInclude Include="..\Classes\tinyxml\tinystr.h">
      <Filter>src\tinyxml</Filter>
    </ClInclude>
    <ClInclude Include="..\Classes\tinyxml\tinyxml.h">
      <Filter>src\tinyxml</Filter>
    </ClInclude>
    <ClInclude Include="..\Classes\system\configmanager.h">
      <Filter>src\system</Filter>
    </ClInclude>
    <ClInclude Include="..\Classes\system\helpmanager.h">
      <Filter>src\system</Filter>
    </ClInclude>
    <ClInclude Include="..\Classes\system\keyboardmanager.h">
      <Filter>src\system</Filter>
    </ClInclude>
    <ClInclude Include="..\Classes\system\moonring.h">
      <Filter>src\system</Filter>
    </ClInclude>
    <ClInclude Include="..\Classes\system\panelmanager.h">
      <Filter>src\system</Filter>
    </ClInclude>
    <ClInclude Include="..\Classes\system\progressmonitor.h">
      <Filter>src\system</Filter>
    </ClInclude>
    <ClInclude Include="..\Classes\system\projectconfig.h">
      <Filter>src\system</Filter>
    </ClInclude>
    <ClInclude Include="..\Classes\system\resolutionmanager.h">
      <Filter>src\system</Filter>
    </ClInclude>
    <ClInclude Include="..\Classes\system\ringcontroller.h">
      <Filter>src\system</Filter>
    </ClInclude>
    <ClInclude Include="..\Classes\system\storymanager.h">
      <Filter>src\system</Filter>
    </ClInclude>
    <ClInclude Include="..\Classes\system\tmemanager.h">
      <Filter>src\system</Filter>
    </ClInclude>
    <ClInclude Include="..\Classes\panels\panel_advert.h">
      <Filter>src\panels</Filter>
    </ClInclude>
    <ClInclude Include="..\Classes\panels\panel_credits.h">
      <Filter>src\panels</Filter>
    </ClInclude>
    <ClInclude Include="..\Classes\panels\panel_dedication.h">
      <Filter>src\panels</Filter>
    </ClInclude>
    <ClInclude Include="..\Classes\panels\panel_gameover.h">
      <Filter>src\panels</Filter>
    </ClInclude>
    <ClInclude Include="..\Classes\panels\panel_look.h">
      <Filter>src\panels</Filter>
    </ClInclude>
    <ClInclude Include="..\Classes\panels\panel_mainmenu.h">
      <Filter>src\panels</Filter>
    </ClInclude>
    <ClInclude Include="..\Classes\panels\panel_map_detailed.h">
      <Filter>src\panels</Filter>
    </ClInclude>
    <ClInclude Include="..\Classes\panels\panel_map_overview.h">
      <Filter>src\panels</Filter>
    </ClInclude>
    <ClInclude Include="..\Classes\panels\panel_night.h">
      <Filter>src\panels</Filter>
    </ClInclude>
    <ClInclude Include="..\Classes\panels\panel_options.h">
      <Filter>src\panels</Filter>
    </ClInclude>
    <ClInclude Include="..\Classes\panels\panel_select.h">
      <Filter>src\panels</Filter>
    </ClInclude>
    <ClInclude Include="..\Classes\panels\panel_splashscreen.h">
      <Filter>src\panels</Filter>
    </ClInclude>
    <ClInclude Include="..\Classes\panels\panel_think.h">
      <Filter>src\panels</Filter>
    </ClInclude>
    <ClInclude Include="..\Classes\library\chilli.h">
      <Filter>src\library</Filter>
    </ClInclude>
    <ClInclude Include="..\Classes\library\libinc\collections.h">
      <Filter>src\library\libinc</Filter>
    </ClInclude>
    <ClInclude Include="..\Classes\library\libinc\library.h">
      <Filter>src\library\libinc</Filter>
    </ClInclude>
    <ClInclude Include="..\Classes\library\libinc\mxtypes.h">
      <Filter>src\library\libinc</Filter>
    </ClInclude>
    <ClInclude Include="..\Classes\library\libinc\misc\xml.h">
      <Filter>src\library\libinc\misc</Filter>
    </ClInclude>
    <ClInclude Include="..\Classes\library\libinc\os\cfile.h">
      <Filter>src\library\libinc\os</Filter>
    </ClInclude>
    <ClInclude Include="..\Classes\library\libinc\os\cfileclump.h">
      <Filter>src\library\libinc\os</Filter>
    </ClInclude>
    <ClInclude Include="..\Classes\library\libinc\os\os.h">
      <Filter>src\library\libinc\os</Filter>
    </ClInclude>
    <ClInclude Include="..\Classes\library\libinc\sw\carchive.h">
      <Filter>src\library\libinc\sw</Filter>
    </ClInclude>
    <ClInclude Include="..\Classes\library\libinc\sw\ccollection.h">
      <Filter>src\library\libinc\sw</Filter>
    </ClInclude>
    <ClInclude Include="..\Classes\library\libinc\sw\drawing.h">
      <Filter>src\library\libinc\sw</Filter>
    </ClInclude>
    <ClInclude Include="..\Classes\library\libinc\sw\misc.h">
      <Filter>src\library\libinc\sw</Filter>
    </ClInclude>
    <ClInclude Include="..\Classes\landscaping\ILandscape.h">
      <Filter>src\landscaping</Filter>
    </ClInclude>
    <ClInclude Include="..\Classes\landscaping\LandscapeColour.h">
      <Filter>src\landscaping</Filter>
    </ClInclude>
    <ClInclude Include="..\Classes\landscaping\LandscapeDebug.h">
      <Filter>src\landscaping</Filter>
    </ClInclude>
    <ClInclude Include="..\Classes\landscaping\LandscapeGenerator.h">
      <Filter>src\landscaping</Filter>
    </ClInclude>
    <ClInclude Include="..\Classes\landscaping\LandscapeLand.h">
      <Filter>src\landscaping</Filter>
    </ClInclude>
    <ClInclude Include="..\Classes\landscaping\LandscapeNode.h">
      <Filter>src\landscaping</Filter>
    </ClInclude>
    <ClInclude Include="..\Classes\landscaping\LandscapePeople.h">
      <Filter>src\landscaping</Filter>
    </ClInclude>
    <ClInclude Include="..\Classes\landscaping\LandscapeSky.h">
      <Filter>src\landscaping</Filter>
    </ClInclude>
    <ClInclude Include="..\Classes\landscaping\LandscapeTerrain.h">
      <Filter>src\landscaping</Filter>
    </ClInclude>
    <ClInclude Include="..\Classes\landscaping\LandscapeView.h">
      <Filter>src\landscaping</Filter>
    </ClInclude>
    <ClInclude Include="..\Classes\frontend\choose_id.h">
      <Filter>src\frontend</Filter>
    </ClInclude>
    <ClInclude Include="..\Classes\frontend\help_id.h">
      <Filter>src\frontend</Filter>
    </ClInclude>
    <ClInclude Include="..\Classes\frontend\keyboard_id.h">
      <Filter>src\frontend</Filter>
    </ClInclude>
    <ClInclude Include="..\Classes\frontend\language.h">
      <Filter>src\frontend</Filter>
    </ClInclude>
    <ClInclude Include="..\Classes\frontend\layout_id.h">
      <Filter>src\frontend</Filter>
    </ClInclude>
    <ClInclude Include="..\Classes\frontend\panel_id.h">
      <Filter>src\frontend</Filter>
    </ClInclude>
    <ClInclude Include="..\Classes\Extensions\CustomDirector.h">
      <Filter>src\Extensions</Filter>
    </ClInclude>
  </ItemGroup>
  <ItemGroup>
    <ResourceCompile Include="game.rc">
      <Filter>resource</Filter>
    </ResourceCompile>
  </ItemGroup>
</Project>