// !$*UTF8*$!
{
	archiveVersion = 1;
	classes = {
	};
	objectVersion = 46;
	objects = {

/* Begin PBXBuildFile section */
		83B7CDE01F27DE6C003C98CD /* main.cpp in Sources */ = {isa = PBXBuildFile; fileRef = 83B7CDDF1F27DE6C003C98CD /* main.cpp */; };
		83B7CDE91F27DF77003C98CD /* file.cpp in Sources */ = {isa = PBXBuildFile; fileRef = 83B7CDE71F27DF77003C98CD /* file.cpp */; };
/* End PBXBuildFile section */

/* Begin PBXCopyFilesBuildPhase section */
		83B7CDDA1F27DE6C003C98CD /* CopyFiles */ = {
			isa = PBXCopyFilesBuildPhase;
			buildActionMask = 2147483647;
			dstPath = /usr/share/man/man1/;
			dstSubfolderSpec = 0;
			files = (
			);
			runOnlyForDeploymentPostprocessing = 1;
		};
/* End PBXCopyFilesBuildPhase section */

/* Begin PBXFileReference section */
		83B7CDDC1F27DE6C003C98CD /* citadel export */ = {isa = PBXFileReference; explicitFileType = "compiled.mach-o.executable"; includeInIndex = 0; path = "citadel export"; sourceTree = BUILT_PRODUCTS_DIR; };
		83B7CDDF1F27DE6C003C98CD /* main.cpp */ = {isa = PBXFileReference; lastKnownFileType = sourcecode.cpp.cpp; path = main.cpp; sourceTree = "<group>"; };
		83B7CDE61F27DF20003C98CD /* types.h */ = {isa = PBXFileReference; fileEncoding = 4; lastKnownFileType = sourcecode.c.h; name = types.h; path = ../types.h; sourceTree = "<group>"; };
		83B7CDE71F27DF77003C98CD /* file.cpp */ = {isa = PBXFileReference; fileEncoding = 4; lastKnownFileType = sourcecode.cpp.cpp; path = file.cpp; sourceTree = "<group>"; };
		83B7CDE81F27DF77003C98CD /* file.h */ = {isa = PBXFileReference; fileEncoding = 4; lastKnownFileType = sourcecode.c.h; path = file.h; sourceTree = "<group>"; };
		83B7CDEA1F27E11E003C98CD /* lom3_structs.h */ = {isa = PBXFileReference; lastKnownFileType = sourcecode.c.h; path = lom3_structs.h; sourceTree = "<group>"; };
/* End PBXFileReference section */

/* Begin PBXFrameworksBuildPhase section */
		83B7CDD91F27DE6C003C98CD /* Frameworks */ = {
			isa = PBXFrameworksBuildPhase;
			buildActionMask = 2147483647;
			files = (
			);
			runOnlyForDeploymentPostprocessing = 0;
		};
/* End PBXFrameworksBuildPhase section */

/* Begin PBXGroup section */
		83B7CDD31F27DE6C003C98CD = {
			isa = PBXGroup;
			children = (
				83B7CDDE1F27DE6C003C98CD /* citadel export */,
				83B7CDDD1F27DE6C003C98CD /* Products */,
			);
			sourceTree = "<group>";
		};
		83B7CDDD1F27DE6C003C98CD /* Products */ = {
			isa = PBXGroup;
			children = (
				83B7CDDC1F27DE6C003C98CD /* citadel export */,
			);
			name = Products;
			sourceTree = "<group>";
		};
		83B7CDDE1F27DE6C003C98CD /* citadel export */ = {
			isa = PBXGroup;
			children = (
				83B7CDEA1F27E11E003C98CD /* lom3_structs.h */,
				83B7CDE71F27DF77003C98CD /* file.cpp */,
				83B7CDE81F27DF77003C98CD /* file.h */,
				83B7CDE61F27DF20003C98CD /* types.h */,
				83B7CDDF1F27DE6C003C98CD /* main.cpp */,
			);
			path = "citadel export";
			sourceTree = "<group>";
		};
/* End PBXGroup section */

/* Begin PBXNativeTarget section */
		83B7CDDB1F27DE6C003C98CD /* citadel export */ = {
			isa = PBXNativeTarget;
			buildConfigurationList = 83B7CDE31F27DE6C003C98CD /* Build configuration list for PBXNativeTarget "citadel export" */;
			buildPhases = (
				83B7CDD81F27DE6C003C98CD /* Sources */,
				83B7CDD91F27DE6C003C98CD /* Frameworks */,
				83B7CDDA1F27DE6C003C98CD /* CopyFiles */,
			);
			buildRules = (
			);
			dependencies = (
			);
			name = "citadel export";
			productName = "citadel export";
			productReference = 83B7CDDC1F27DE6C003C98CD /* citadel export */;
			productType = "com.apple.product-type.tool";
		};
/* End PBXNativeTarget section */

/* Begin PBXProject section */
		83B7CDD41F27DE6C003C98CD /* Project object */ = {
			isa = PBXProject;
			attributes = {
				LastUpgradeCheck = 0830;
				ORGANIZATIONNAME = "Chris Wild";
				TargetAttributes = {
					83B7CDDB1F27DE6C003C98CD = {
						CreatedOnToolsVersion = 8.3.3;
						DevelopmentTeam = 8K6PYTU8T7;
						ProvisioningStyle = Automatic;
					};
				};
			};
			buildConfigurationList = 83B7CDD71F27DE6C003C98CD /* Build configuration list for PBXProject "citadel export" */;
			compatibilityVersion = "Xcode 3.2";
			developmentRegion = English;
			hasScannedForEncodings = 0;
			knownRegions = (
				en,
			);
			mainGroup = 83B7CDD31F27DE6C003C98CD;
			productRefGroup = 83B7CDDD1F27DE6C003C98CD /* Products */;
			projectDirPath = "";
			projectRoot = "";
			targets = (
				83B7CDDB1F27DE6C003C98CD /* citadel export */,
			);
		};
/* End PBXProject section */

/* Begin PBXSourcesBuildPhase section */
		83B7CDD81F27DE6C003C98CD /* Sources */ = {
			isa = PBXSourcesBuildPhase;
			buildActionMask = 2147483647;
			files = (
				83B7CDE01F27DE6C003C98CD /* main.cpp in Sources */,
				83B7CDE91F27DF77003C98CD /* file.cpp in Sources */,
			);
			runOnlyForDeploymentPostprocessing = 0;
		};
/* End PBXSourcesBuildPhase section */

/* Begin XCBuildConfiguration section */
		83B7CDE11F27DE6C003C98CD /* Debug */ = {
			isa = XCBuildConfiguration;
			buildSettings = {
				ALWAYS_SEARCH_USER_PATHS = NO;
				CLANG_ANALYZER_NONNULL = YES;
				CLANG_ANALYZER_NUMBER_OBJECT_CONVERSION = YES_AGGRESSIVE;
				CLANG_CXX_LANGUAGE_STANDARD = "gnu++0x";
				CLANG_CXX_LIBRARY = "libc++";
				CLANG_ENABLE_MODULES = YES;
				CLANG_ENABLE_OBJC_ARC = YES;
				CLANG_WARN_BOOL_CONVERSION = YES;
				CLANG_WARN_CONSTANT_CONVERSION = YES;
				CLANG_WARN_DIRECT_OBJC_ISA_USAGE = YES_ERROR;
				CLANG_WARN_DOCUMENTATION_COMMENTS = YES;
				CLANG_WARN_EMPTY_BODY = YES;
				CLANG_WARN_ENUM_CONVERSION = YES;
				CLANG_WARN_INFINITE_RECURSION = YES;
				CLANG_WARN_INT_CONVERSION = YES;
				CLANG_WARN_OBJC_ROOT_CLASS = YES_ERROR;
				CLANG_WARN_SUSPICIOUS_MOVE = YES;
				CLANG_WARN_UNREACHABLE_CODE = YES;
				CLANG_WARN__DUPLICATE_METHOD_MATCH = YES;
				CODE_SIGN_IDENTITY = "-";
				COPY_PHASE_STRIP = NO;
				DEBUG_INFORMATION_FORMAT = dwarf;
				ENABLE_STRICT_OBJC_MSGSEND = YES;
				ENABLE_TESTABILITY = YES;
				GCC_C_LANGUAGE_STANDARD = gnu99;
				GCC_DYNAMIC_NO_PIC = NO;
				GCC_NO_COMMON_BLOCKS = YES;
				GCC_OPTIMIZATION_LEVEL = 0;
				GCC_PREPROCESSOR_DEFINITIONS = (
					"DEBUG=1",
					"$(inherited)",
				);
				GCC_WARN_64_TO_32_BIT_CONVERSION = YES;
				GCC_WARN_ABOUT_RETURN_TYPE = YES_ERROR;
				GCC_WARN_UNDECLARED_SELECTOR = YES;
				GCC_WARN_UNINITIALIZED_AUTOS = YES_AGGRESSIVE;
				GCC_WARN_UNUSED_FUNCTION = YES;
				GCC_WARN_UNUSED_VARIABLE = YES;
				MACOSX_DEPLOYMENT_TARGET = 10.12;
				MTL_ENABLE_DEBUG_INFO = YES;
				ONLY_ACTIVE_ARCH = YES;
				SDKROOT = macosx;
			};
			name = Debug;
		};
		83B7CDE21F27DE6C003C98CD /* Release */ = {
			isa = XCBuildConfiguration;
			buildSettings = {
				ALWAYS_SEARCH_USER_PATHS = NO;
				CLANG_ANALYZER_NONNULL = YES;
				CLANG_ANALYZER_NUMBER_OBJECT_CONVERSION = YES_AGGRESSIVE;
				CLANG_CXX_LANGUAGE_STANDARD = "gnu++0x";
				CLANG_CXX_LIBRARY = "libc++";
				CLANG_ENABLE_MODULES = YES;
				CLANG_ENABLE_OBJC_ARC = YES;
				CLANG_WARN_BOOL_CONVERSION = YES;
				CLANG_WARN_CONSTANT_CONVERSION = YES;
				CLANG_WARN_DIRECT_OBJC_ISA_USAGE = YES_ERROR;
				CLANG_WARN_DOCUMENTATION_COMMENTS = YES;
				CLANG_WARN_EMPTY_BODY = YES;
				CLANG_WARN_ENUM_CONVERSION = YES;
				CLANG_WARN_INFINITE_RECURSION = YES;
				CLANG_WARN_INT_CONVERSION = YES;
				CLANG_WARN_OBJC_ROOT_CLASS = YES_ERROR;
				CLANG_WARN_SUSPICIOUS_MOVE = YES;
				CLANG_WARN_UNREACHABLE_CODE = YES;
				CLANG_WARN__DUPLICATE_METHOD_MATCH = YES;
				CODE_SIGN_IDENTITY = "-";
				COPY_PHASE_STRIP = NO;
				DEBUG_INFORMATION_FORMAT = "dwarf-with-dsym";
				ENABLE_NS_ASSERTIONS = NO;
				ENABLE_STRICT_OBJC_MSGSEND = YES;
				GCC_C_LANGUAGE_STANDARD = gnu99;
				GCC_NO_COMMON_BLOCKS = YES;
				GCC_WARN_64_TO_32_BIT_CONVERSION = YES;
				GCC_WARN_ABOUT_RETURN_TYPE = YES_ERROR;
				GCC_WARN_UNDECLARED_SELECTOR = YES;
				GCC_WARN_UNINITIALIZED_AUTOS = YES_AGGRESSIVE;
				GCC_WARN_UNUSED_FUNCTION = YES;
				GCC_WARN_UNUSED_VARIABLE = YES;
				MACOSX_DEPLOYMENT_TARGET = 10.12;
				MTL_ENABLE_DEBUG_INFO = NO;
				SDKROOT = macosx;
			};
			name = Release;
		};
		83B7CDE41F27DE6C003C98CD /* Debug */ = {
			isa = XCBuildConfiguration;
			buildSettings = {
				DEVELOPMENT_TEAM = 8K6PYTU8T7;
				PRODUCT_NAME = "$(TARGET_NAME)";
			};
			name = Debug;
		};
		83B7CDE51F27DE6C003C98CD /* Release */ = {
			isa = XCBuildConfiguration;
			buildSettings = {
				DEVELOPMENT_TEAM = 8K6PYTU8T7;
				PRODUCT_NAME = "$(TARGET_NAME)";
			};
			name = Release;
		};
/* End XCBuildConfiguration section */

/* Begin XCConfigurationList section */
		83B7CDD71F27DE6C003C98CD /* Build configuration list for PBXProject "citadel export" */ = {
			isa = XCConfigurationList;
			buildConfigurations = (
				83B7CDE11F27DE6C003C98CD /* Debug */,
				83B7CDE21F27DE6C003C98CD /* Release */,
			);
			defaultConfigurationIsVisible = 0;
			defaultConfigurationName = Release;
		};
		83B7CDE31F27DE6C003C98CD /* Build configuration list for PBXNativeTarget "citadel export" */ = {
			isa = XCConfigurationList;
			buildConfigurations = (
				83B7CDE41F27DE6C003C98CD /* Debug */,
				83B7CDE51F27DE6C003C98CD /* Release */,
			);
			defaultConfigurationIsVisible = 0;
			defaultConfigurationName = Release;
		};
/* End XCConfigurationList section */
	};
	rootObject = 83B7CDD41F27DE6C003C98CD /* Project object */;
}
